
Microsoft Visual Studio Solution File, Format Version 12.00
# Visual Studio 2013
VisualStudioVersion = 12.0.31101.0
MinimumVisualStudioVersion = 10.0.40219.1
Project("{FAE04EC0-301F-11D3-BF4B-00C04F79EFBC}") = "Enexure.Fire.Data", "src\Enexure.Fire.Data\Enexure.Fire.Data.csproj", "{5F695F79-2723-47EE-A979-0D484E083FBC}"
EndProject
Project("{FAE04EC0-301F-11D3-BF4B-00C04F79EFBC}") = "Enexure.Fire.Data.Tests", "src\Enexure.Fire.Data.Tests\Enexure.Fire.Data.Tests.csproj", "{6293E6C7-414A-4FF2-BE6D-E10D0947C658}"
EndProject
Global
	GlobalSection(SolutionConfigurationPlatforms) = preSolution
		Debug|Any CPU = Debug|Any CPU
		Release|Any CPU = Release|Any CPU
	EndGlobalSection
	GlobalSection(ProjectConfigurationPlatforms) = postSolution
		{5F695F79-2723-47EE-A979-0D484E083FBC}.Debug|Any CPU.ActiveCfg = Debug|Any CPU
		{5F695F79-2723-47EE-A979-0D484E083FBC}.Debug|Any CPU.Build.0 = Debug|Any CPU
		{5F695F79-2723-47EE-A979-0D484E083FBC}.Release|Any CPU.ActiveCfg = Release|Any CPU
		{5F695F79-2723-47EE-A979-0D484E083FBC}.Release|Any CPU.Build.0 = Release|Any CPU
		{6293E6C7-414A-4FF2-BE6D-E10D0947C658}.Debug|Any CPU.ActiveCfg = Debug|Any CPU
		{6293E6C7-414A-4FF2-BE6D-E10D0947C658}.Debug|Any CPU.Build.0 = Debug|Any CPU
		{6293E6C7-414A-4FF2-BE6D-E10D0947C658}.Release|Any CPU.ActiveCfg = Release|Any CPU
		{6293E6C7-414A-4FF2-BE6D-E10D0947C658}.Release|Any CPU.Build.0 = Release|Any CPU
	EndGlobalSection
	GlobalSection(SolutionProperties) = preSolution
		HideSolutionNode = FALSE
	EndGlobalSection
EndGlobal
